
Microsoft Visual Studio Solution File, Format Version 12.00
# Visual Studio 2012
Project("{2150E333-8FDC-42A3-9474-1A3956D46DE8}") = "Samples", "Samples", "{01E39A1A-9396-4586-936C-5E03093D1149}"
EndProject
Project("{FAE04EC0-301F-11D3-BF4B-00C04F79EFBC}") = "CopySDK.Samples.WP", "Samples\CopySDK.Samples.WP\CopySDK.Samples.WP.csproj", "{803E8124-7EC6-4E3E-8942-4D25E905E36B}"
EndProject
Project("{FAE04EC0-301F-11D3-BF4B-00C04F79EFBC}") = "CopySDK", "CopySDK\CopySDK.csproj", "{C87C689A-510A-4820-BF1A-2E0DA19FCA38}"
EndProject
Project("{FAE04EC0-301F-11D3-BF4B-00C04F79EFBC}") = "CopySDK.Samples.Console", "Samples\CopySDK.Samples.Console\CopySDK.Samples.Console.csproj", "{38940D0C-DF26-4D16-8AD0-44F375928A56}"
EndProject
Project("{2150E333-8FDC-42A3-9474-1A3956D46DE8}") = "Temp", "Temp", "{00981BD9-E496-4008-8798-8F3962A1AC76}"
EndProject
Project("{FAE04EC0-301F-11D3-BF4B-00C04F79EFBC}") = "CopyTemp", "CopyTemp\CopyTemp.csproj", "{211F6B68-57D2-4094-A315-E8C958CE7E1A}"
EndProject
Project("{2150E333-8FDC-42A3-9474-1A3956D46DE8}") = ".nuget", ".nuget", "{55EA0B39-8522-4EB9-989A-57C9CBB7A925}"
	ProjectSection(SolutionItems) = preProject
		.nuget\NuGet.Config = .nuget\NuGet.Config
		.nuget\NuGet.exe = .nuget\NuGet.exe
		.nuget\NuGet.targets = .nuget\NuGet.targets
	EndProjectSection
EndProject
Project("{FAE04EC0-301F-11D3-BF4B-00C04F79EFBC}") = "CopySDK.Samples.MVC", "CopySDK.Samples.MVC\CopySDK.Samples.MVC.csproj", "{8E5A0345-80C1-452E-B31F-044F62CDF93D}"
EndProject
Global
	GlobalSection(SolutionConfigurationPlatforms) = preSolution
		Debug|Any CPU = Debug|Any CPU
		Debug|ARM = Debug|ARM
		Debug|x86 = Debug|x86
		Release|Any CPU = Release|Any CPU
		Release|ARM = Release|ARM
		Release|x86 = Release|x86
	EndGlobalSection
	GlobalSection(ProjectConfigurationPlatforms) = postSolution
		{803E8124-7EC6-4E3E-8942-4D25E905E36B}.Debug|Any CPU.ActiveCfg = Debug|Any CPU
		{803E8124-7EC6-4E3E-8942-4D25E905E36B}.Debug|Any CPU.Build.0 = Debug|Any CPU
		{803E8124-7EC6-4E3E-8942-4D25E905E36B}.Debug|Any CPU.Deploy.0 = Debug|Any CPU
		{803E8124-7EC6-4E3E-8942-4D25E905E36B}.Debug|ARM.ActiveCfg = Debug|ARM
		{803E8124-7EC6-4E3E-8942-4D25E905E36B}.Debug|ARM.Build.0 = Debug|ARM
		{803E8124-7EC6-4E3E-8942-4D25E905E36B}.Debug|ARM.Deploy.0 = Debug|ARM
		{803E8124-7EC6-4E3E-8942-4D25E905E36B}.Debug|x86.ActiveCfg = Debug|x86
		{803E8124-7EC6-4E3E-8942-4D25E905E36B}.Debug|x86.Build.0 = Debug|x86
		{803E8124-7EC6-4E3E-8942-4D25E905E36B}.Debug|x86.Deploy.0 = Debug|x86
		{803E8124-7EC6-4E3E-8942-4D25E905E36B}.Release|Any CPU.ActiveCfg = Release|Any CPU
		{803E8124-7EC6-4E3E-8942-4D25E905E36B}.Release|Any CPU.Build.0 = Release|Any CPU
		{803E8124-7EC6-4E3E-8942-4D25E905E36B}.Release|Any CPU.Deploy.0 = Release|Any CPU
		{803E8124-7EC6-4E3E-8942-4D25E905E36B}.Release|ARM.ActiveCfg = Release|ARM
		{803E8124-7EC6-4E3E-8942-4D25E905E36B}.Release|ARM.Build.0 = Release|ARM
		{803E8124-7EC6-4E3E-8942-4D25E905E36B}.Release|ARM.Deploy.0 = Release|ARM
		{803E8124-7EC6-4E3E-8942-4D25E905E36B}.Release|x86.ActiveCfg = Release|x86
		{803E8124-7EC6-4E3E-8942-4D25E905E36B}.Release|x86.Build.0 = Release|x86
		{803E8124-7EC6-4E3E-8942-4D25E905E36B}.Release|x86.Deploy.0 = Release|x86
		{C87C689A-510A-4820-BF1A-2E0DA19FCA38}.Debug|Any CPU.ActiveCfg = Debug|Any CPU
		{C87C689A-510A-4820-BF1A-2E0DA19FCA38}.Debug|Any CPU.Build.0 = Debug|Any CPU
		{C87C689A-510A-4820-BF1A-2E0DA19FCA38}.Debug|ARM.ActiveCfg = Debug|Any CPU
		{C87C689A-510A-4820-BF1A-2E0DA19FCA38}.Debug|x86.ActiveCfg = Debug|Any CPU
		{C87C689A-510A-4820-BF1A-2E0DA19FCA38}.Release|Any CPU.ActiveCfg = Release|Any CPU
		{C87C689A-510A-4820-BF1A-2E0DA19FCA38}.Release|Any CPU.Build.0 = Release|Any CPU
		{C87C689A-510A-4820-BF1A-2E0DA19FCA38}.Release|ARM.ActiveCfg = Release|Any CPU
		{C87C689A-510A-4820-BF1A-2E0DA19FCA38}.Release|x86.ActiveCfg = Release|Any CPU
		{38940D0C-DF26-4D16-8AD0-44F375928A56}.Debug|Any CPU.ActiveCfg = Debug|Any CPU
		{38940D0C-DF26-4D16-8AD0-44F375928A56}.Debug|Any CPU.Build.0 = Debug|Any CPU
		{38940D0C-DF26-4D16-8AD0-44F375928A56}.Debug|ARM.ActiveCfg = Debug|Any CPU
		{38940D0C-DF26-4D16-8AD0-44F375928A56}.Debug|x86.ActiveCfg = Debug|Any CPU
		{38940D0C-DF26-4D16-8AD0-44F375928A56}.Release|Any CPU.ActiveCfg = Release|Any CPU
		{38940D0C-DF26-4D16-8AD0-44F375928A56}.Release|Any CPU.Build.0 = Release|Any CPU
		{38940D0C-DF26-4D16-8AD0-44F375928A56}.Release|ARM.ActiveCfg = Release|Any CPU
		{38940D0C-DF26-4D16-8AD0-44F375928A56}.Release|x86.ActiveCfg = Release|Any CPU
		{211F6B68-57D2-4094-A315-E8C958CE7E1A}.Debug|Any CPU.ActiveCfg = Debug|Any CPU
		{211F6B68-57D2-4094-A315-E8C958CE7E1A}.Debug|Any CPU.Build.0 = Debug|Any CPU
		{211F6B68-57D2-4094-A315-E8C958CE7E1A}.Debug|ARM.ActiveCfg = Debug|Any CPU
		{211F6B68-57D2-4094-A315-E8C958CE7E1A}.Debug|x86.ActiveCfg = Debug|Any CPU
		{211F6B68-57D2-4094-A315-E8C958CE7E1A}.Release|Any CPU.ActiveCfg = Release|Any CPU
		{211F6B68-57D2-4094-A315-E8C958CE7E1A}.Release|Any CPU.Build.0 = Release|Any CPU
		{211F6B68-57D2-4094-A315-E8C958CE7E1A}.Release|ARM.ActiveCfg = Release|Any CPU
		{211F6B68-57D2-4094-A315-E8C958CE7E1A}.Release|x86.ActiveCfg = Release|Any CPU
		{8E5A0345-80C1-452E-B31F-044F62CDF93D}.Debug|Any CPU.ActiveCfg = Debug|Any CPU
		{8E5A0345-80C1-452E-B31F-044F62CDF93D}.Debug|Any CPU.Build.0 = Debug|Any CPU
		{8E5A0345-80C1-452E-B31F-044F62CDF93D}.Debug|ARM.ActiveCfg = Debug|Any CPU
		{8E5A0345-80C1-452E-B31F-044F62CDF93D}.Debug|x86.ActiveCfg = Debug|Any CPU
		{8E5A0345-80C1-452E-B31F-044F62CDF93D}.Release|Any CPU.ActiveCfg = Release|Any CPU
		{8E5A0345-80C1-452E-B31F-044F62CDF93D}.Release|Any CPU.Build.0 = Release|Any CPU
		{8E5A0345-80C1-452E-B31F-044F62CDF93D}.Release|ARM.ActiveCfg = Release|Any CPU
		{8E5A0345-80C1-452E-B31F-044F62CDF93D}.Release|x86.ActiveCfg = Release|Any CPU
	EndGlobalSection
	GlobalSection(SolutionProperties) = preSolution
		HideSolutionNode = FALSE
	EndGlobalSection
	GlobalSection(NestedProjects) = preSolution
		{803E8124-7EC6-4E3E-8942-4D25E905E36B} = {01E39A1A-9396-4586-936C-5E03093D1149}
		{38940D0C-DF26-4D16-8AD0-44F375928A56} = {01E39A1A-9396-4586-936C-5E03093D1149}
		{8E5A0345-80C1-452E-B31F-044F62CDF93D} = {01E39A1A-9396-4586-936C-5E03093D1149}
		{211F6B68-57D2-4094-A315-E8C958CE7E1A} = {00981BD9-E496-4008-8798-8F3962A1AC76}
	EndGlobalSection
EndGlobal
